
Microsoft Visual Studio Solution File, Format Version 12.00
# Visual Studio 15
VisualStudioVersion = 15.0.28307.539
MinimumVisualStudioVersion = 10.0.40219.1
Project("{FAE04EC0-301F-11D3-BF4B-00C04F79EFBC}") = "test", "test\test.csproj", "{36B8FD66-AFFA-4265-951A-0B897E09AF29}"
EndProject
Global
	GlobalSection(SolutionConfigurationPlatforms) = preSolution
		Debug|Any CPU = Debug|Any CPU
		Release|Any CPU = Release|Any CPU
	EndGlobalSection
	GlobalSection(ProjectConfigurationPlatforms) = postSolution
		{36B8FD66-AFFA-4265-951A-0B897E09AF29}.Debug|Any CPU.ActiveCfg = Debug|Any CPU
		{36B8FD66-AFFA-4265-951A-0B897E09AF29}.Debug|Any CPU.Build.0 = Debug|Any CPU
		{36B8FD66-AFFA-4265-951A-0B897E09AF29}.Release|Any CPU.ActiveCfg = Release|Any CPU
		{36B8FD66-AFFA-4265-951A-0B897E09AF29}.Release|Any CPU.Build.0 = Release|Any CPU
	EndGlobalSection
	GlobalSection(SolutionProperties) = preSolution
		HideSolutionNode = FALSE
	EndGlobalSection
	GlobalSection(ExtensibilityGlobals) = postSolution
		SolutionGuid = {45476855-B769-447A-9EAE-AA0D41CE51C1}
	EndGlobalSection
EndGlobal
